
Microsoft Visual Studio Solution File, Format Version 12.00
# Visual Studio Version 16
VisualStudioVersion = 16.0.31205.134
MinimumVisualStudioVersion = 10.0.40219.1
Project("{FAE04EC0-301F-11D3-BF4B-00C04F79EFBC}") = "ASM5", "ASM5.csproj", "{92C538FF-A897-4291-9CC1-243537A76DB2}"
EndProject
Global
	GlobalSection(SolutionConfigurationPlatforms) = preSolution
		Debug|Any CPU = Debug|Any CPU
		Release|Any CPU = Release|Any CPU
	EndGlobalSection
	GlobalSection(ProjectConfigurationPlatforms) = postSolution
		{92C538FF-A897-4291-9CC1-243537A76DB2}.Debug|Any CPU.ActiveCfg = Debug|Any CPU
		{92C538FF-A897-4291-9CC1-243537A76DB2}.Debug|Any CPU.Build.0 = Debug|Any CPU
		{92C538FF-A897-4291-9CC1-243537A76DB2}.Release|Any CPU.ActiveCfg = Release|Any CPU
		{92C538FF-A897-4291-9CC1-243537A76DB2}.Release|Any CPU.Build.0 = Release|Any CPU
	EndGlobalSection
	GlobalSection(SolutionProperties) = preSolution
		HideSolutionNode = FALSE
	EndGlobalSection
	GlobalSection(ExtensibilityGlobals) = postSolution
		SolutionGuid = {817E6D38-9D5F-4EC9-8B8D-8A0B230CBE4E}
	EndGlobalSection
EndGlobal
